<?xml version="1.0" encoding="utf-8"?>
<Project ToolsVersion="4.0" xmlns="http://schemas.microsoft.com/developer/msbuild/2003">
  <ItemGroup>
    <Filter Include="Source Files">
      <UniqueIdentifier>{4FC737F1-C7A5-4376-A066-2A32D752A2FF}</UniqueIdentifier>
      <Extensions>cpp;c;cc;cxx;c++;cppm;ixx;def;odl;idl;hpj;bat;asm;asmx</Extensions>
    </Filter>
    <Filter Include="Header Files">
      <UniqueIdentifier>{93995380-89BD-4b04-88EB-625FBE52EBFB}</UniqueIdentifier>
      <Extensions>h;hh;hpp;hxx;h++;hm;inl;inc;ipp;xsd</Extensions>
    </Filter>
    <Filter Include="Resource Files">
      <UniqueIdentifier>{67DA6AB6-F800-4c08-8B7A-83BB121AAD01}</UniqueIdentifier>
      <Extensions>rc;ico;cur;bmp;dlg;rc2;rct;bin;rgs;gif;jpg;jpeg;jpe;resx;tiff;tif;png;wav;mfcribbon-ms</Extensions>
    </Filter>
  </ItemGroup>
  <ItemGroup>
    <ClCompile Include="wild_life++.cpp">
      <Filter>Source Files</Filter>
    </ClCompile>
    <ClCompile Include="bi_math.cpp">
      <Filter>Source Files</Filter>
    </ClCompile>
    <ClCompile Include="bi_sys.cpp">
      <Filter>Source Files</Filter>
    </ClCompile>
    <ClCompile Include="bi_type.cpp">
      <Filter>Source Files</Filter>
    </ClCompile>
    <ClCompile Include="built_ins.cpp">
      <Filter>Source Files</Filter>
    </ClCompile>
    <ClCompile Include="info.cpp">
      <Filter>Source Files</Filter>
    </ClCompile>
    <ClCompile Include="lefun.cpp">
      <Filter>Source Files</Filter>
    </ClCompile>
    <ClCompile Include="lib.cpp">
      <Filter>Source Files</Filter>
    </ClCompile>
    <ClCompile Include="list.cpp">
      <Filter>Source Files</Filter>
    </ClCompile>
    <ClCompile Include="login.cpp">
      <Filter>Source Files</Filter>
    </ClCompile>
    <ClCompile Include="lub.cpp">
      <Filter>Source Files</Filter>
    </ClCompile>
    <ClCompile Include="memory.cpp">
      <Filter>Source Files</Filter>
    </ClCompile>
    <ClCompile Include="modules.cpp">
      <Filter>Source Files</Filter>
    </ClCompile>
    <ClCompile Include="parser.cpp">
      <Filter>Source Files</Filter>
    </ClCompile>
    <ClCompile Include="print.cpp">
      <Filter>Source Files</Filter>
    </ClCompile>
    <ClCompile Include="sys.cpp">
      <Filter>Source Files</Filter>
    </ClCompile>
    <ClCompile Include="templates.cpp">
      <Filter>Source Files</Filter>
    </ClCompile>
    <ClCompile Include="token.cpp">
      <Filter>Source Files</Filter>
    </ClCompile>
    <ClCompile Include="trees.cpp">
      <Filter>Source Files</Filter>
    </ClCompile>
    <ClCompile Include="types.cpp">
      <Filter>Source Files</Filter>
    </ClCompile>
    <ClCompile Include="regexp\regerror.cpp">
      <Filter>Source Files</Filter>
    </ClCompile>
    <ClCompile Include="regexp\regexp.cpp">
      <Filter>Source Files</Filter>
    </ClCompile>
    <ClCompile Include="regexp\regsub.cpp">
      <Filter>Source Files</Filter>
    </ClCompile>
    <ClCompile Include="error.cpp">
      <Filter>Source Files</Filter>
    </ClCompile>
    <ClCompile Include="hash_table.cpp">
      <Filter>Source Files</Filter>
    </ClCompile>
    <ClCompile Include="copy.cpp">
      <Filter>Source Files</Filter>
    </ClCompile>
    <ClCompile Include="str_const.cpp">
      <Filter>Source Files</Filter>
    </ClCompile>
    <ClCompile Include="wl_memory.cpp">
      <Filter>Source Files</Filter>
    </ClCompile>
    <ClCompile Include="wl_node_ptr_ptr.cpp">
      <Filter>Source Files</Filter>
    </ClCompile>
    <ClCompile Include="wl_node_ptr.cpp">
      <Filter>Source Files</Filter>
    </ClCompile>
    <ClCompile Include="wl_node.cpp">
      <Filter>Source Files</Filter>
    </ClCompile>
  </ItemGroup>
  <ItemGroup>
    <ClInclude Include="def_config.h">
      <Filter>Header Files</Filter>
    </ClInclude>
    <ClInclude Include="def_const.h">
      <Filter>Header Files</Filter>
    </ClInclude>
    <ClInclude Include="def_glob.h">
      <Filter>Header Files</Filter>
    </ClInclude>
    <ClInclude Include="def_macro.h">
      <Filter>Header Files</Filter>
    </ClInclude>
    <ClInclude Include="def_proto.h">
      <Filter>Header Files</Filter>
    </ClInclude>
    <ClInclude Include="def_struct.h">
      <Filter>Header Files</Filter>
    </ClInclude>
    <ClInclude Include="defs.h">
      <Filter>Header Files</Filter>
    </ClInclude>
    <ClInclude Include="regexp\regexp.h">
      <Filter>Header Files</Filter>
    </ClInclude>
    <ClInclude Include="regexp\regmagic.h">
      <Filter>Header Files</Filter>
    </ClInclude>
    <ClInclude Include="str_const.h">
      <Filter>Header Files</Filter>
    </ClInclude>
    <ClInclude Include="wl_memory.h">
      <Filter>Header Files</Filter>
    </ClInclude>
    <ClInclude Include="wl_node_ptr_ptr.h">
      <Filter>Header Files</Filter>
    </ClInclude>
    <ClInclude Include="wl_node_ptr.h">
      <Filter>Header Files</Filter>
    </ClInclude>
    <ClInclude Include="wl_node.h">
      <Filter>Header Files</Filter>
    </ClInclude>
  </ItemGroup>
</Project>